
Microsoft Visual Studio Solution File, Format Version 12.00
# Visual Studio 14
VisualStudioVersion = 14.0.24720.0
MinimumVisualStudioVersion = 10.0.40219.1
Project("{FAE04EC0-301F-11D3-BF4B-00C04F79EFBC}") = "CamaraApp.Droid", "CamaraApp\CamaraApp.Droid\CamaraApp.Droid.csproj", "{A1305D2E-369B-444D-9714-0D63AB339ED4}"
EndProject
Project("{FAE04EC0-301F-11D3-BF4B-00C04F79EFBC}") = "CamaraApp.iOS", "CamaraApp\CamaraApp.iOS\CamaraApp.iOS.csproj", "{BA82F1C5-693C-40D1-8452-AC310CD49FCA}"
EndProject
Project("{FAE04EC0-301F-11D3-BF4B-00C04F79EFBC}") = "CamaraApp.WinPhone", "CamaraApp\CamaraApp.WinPhone\CamaraApp.WinPhone.csproj", "{195D89CE-07EF-4C8F-BEDF-C103F360DAC4}"
EndProject
Project("{FAE04EC0-301F-11D3-BF4B-00C04F79EFBC}") = "CamaraApp", "CamaraApp\CamaraApp\CamaraApp.csproj", "{2278A37E-DFF3-4CF4-BCFE-BA85440014C8}"
EndProject
Global
	GlobalSection(SolutionConfigurationPlatforms) = preSolution
		Ad-Hoc|Any CPU = Ad-Hoc|Any CPU
		Ad-Hoc|ARM = Ad-Hoc|ARM
		Ad-Hoc|iPhone = Ad-Hoc|iPhone
		Ad-Hoc|iPhoneSimulator = Ad-Hoc|iPhoneSimulator
		Ad-Hoc|x86 = Ad-Hoc|x86
		AppStore|Any CPU = AppStore|Any CPU
		AppStore|ARM = AppStore|ARM
		AppStore|iPhone = AppStore|iPhone
		AppStore|iPhoneSimulator = AppStore|iPhoneSimulator
		AppStore|x86 = AppStore|x86
		Debug|Any CPU = Debug|Any CPU
		Debug|ARM = Debug|ARM
		Debug|iPhone = Debug|iPhone
		Debug|iPhoneSimulator = Debug|iPhoneSimulator
		Debug|x86 = Debug|x86
		Release|Any CPU = Release|Any CPU
		Release|ARM = Release|ARM
		Release|iPhone = Release|iPhone
		Release|iPhoneSimulator = Release|iPhoneSimulator
		Release|x86 = Release|x86
	EndGlobalSection
	GlobalSection(ProjectConfigurationPlatforms) = postSolution
		{A1305D2E-369B-444D-9714-0D63AB339ED4}.Ad-Hoc|Any CPU.ActiveCfg = Release|Any CPU
		{A1305D2E-369B-444D-9714-0D63AB339ED4}.Ad-Hoc|Any CPU.Build.0 = Release|Any CPU
		{A1305D2E-369B-444D-9714-0D63AB339ED4}.Ad-Hoc|Any CPU.Deploy.0 = Release|Any CPU
		{A1305D2E-369B-444D-9714-0D63AB339ED4}.Ad-Hoc|ARM.ActiveCfg = Release|Any CPU
		{A1305D2E-369B-444D-9714-0D63AB339ED4}.Ad-Hoc|ARM.Build.0 = Release|Any CPU
		{A1305D2E-369B-444D-9714-0D63AB339ED4}.Ad-Hoc|ARM.Deploy.0 = Release|Any CPU
		{A1305D2E-369B-444D-9714-0D63AB339ED4}.Ad-Hoc|iPhone.ActiveCfg = Release|Any CPU
		{A1305D2E-369B-444D-9714-0D63AB339ED4}.Ad-Hoc|iPhone.Build.0 = Release|Any CPU
		{A1305D2E-369B-444D-9714-0D63AB339ED4}.Ad-Hoc|iPhone.Deploy.0 = Release|Any CPU
		{A1305D2E-369B-444D-9714-0D63AB339ED4}.Ad-Hoc|iPhoneSimulator.ActiveCfg = Release|Any CPU
		{A1305D2E-369B-444D-9714-0D63AB339ED4}.Ad-Hoc|iPhoneSimulator.Build.0 = Release|Any CPU
		{A1305D2E-369B-444D-9714-0D63AB339ED4}.Ad-Hoc|iPhoneSimulator.Deploy.0 = Release|Any CPU
		{A1305D2E-369B-444D-9714-0D63AB339ED4}.Ad-Hoc|x86.ActiveCfg = Release|Any CPU
		{A1305D2E-369B-444D-9714-0D63AB339ED4}.Ad-Hoc|x86.Build.0 = Release|Any CPU
		{A1305D2E-369B-444D-9714-0D63AB339ED4}.Ad-Hoc|x86.Deploy.0 = Release|Any CPU
		{A1305D2E-369B-444D-9714-0D63AB339ED4}.AppStore|Any CPU.ActiveCfg = Release|Any CPU
		{A1305D2E-369B-444D-9714-0D63AB339ED4}.AppStore|Any CPU.Build.0 = Release|Any CPU
		{A1305D2E-369B-444D-9714-0D63AB339ED4}.AppStore|Any CPU.Deploy.0 = Release|Any CPU
		{A1305D2E-369B-444D-9714-0D63AB339ED4}.AppStore|ARM.ActiveCfg = Release|Any CPU
		{A1305D2E-369B-444D-9714-0D63AB339ED4}.AppStore|ARM.Build.0 = Release|Any CPU
		{A1305D2E-369B-444D-9714-0D63AB339ED4}.AppStore|ARM.Deploy.0 = Release|Any CPU
		{A1305D2E-369B-444D-9714-0D63AB339ED4}.AppStore|iPhone.ActiveCfg = Release|Any CPU
		{A1305D2E-369B-444D-9714-0D63AB339ED4}.AppStore|iPhone.Build.0 = Release|Any CPU
		{A1305D2E-369B-444D-9714-0D63AB339ED4}.AppStore|iPhone.Deploy.0 = Release|Any CPU
		{A1305D2E-369B-444D-9714-0D63AB339ED4}.AppStore|iPhoneSimulator.ActiveCfg = Release|Any CPU
		{A1305D2E-369B-444D-9714-0D63AB339ED4}.AppStore|iPhoneSimulator.Build.0 = Release|Any CPU
		{A1305D2E-369B-444D-9714-0D63AB339ED4}.AppStore|iPhoneSimulator.Deploy.0 = Release|Any CPU
		{A1305D2E-369B-444D-9714-0D63AB339ED4}.AppStore|x86.ActiveCfg = Release|Any CPU
		{A1305D2E-369B-444D-9714-0D63AB339ED4}.AppStore|x86.Build.0 = Release|Any CPU
		{A1305D2E-369B-444D-9714-0D63AB339ED4}.AppStore|x86.Deploy.0 = Release|Any CPU
		{A1305D2E-369B-444D-9714-0D63AB339ED4}.Debug|Any CPU.ActiveCfg = Debug|Any CPU
		{A1305D2E-369B-444D-9714-0D63AB339ED4}.Debug|Any CPU.Build.0 = Debug|Any CPU
		{A1305D2E-369B-444D-9714-0D63AB339ED4}.Debug|Any CPU.Deploy.0 = Debug|Any CPU
		{A1305D2E-369B-444D-9714-0D63AB339ED4}.Debug|ARM.ActiveCfg = Debug|Any CPU
		{A1305D2E-369B-444D-9714-0D63AB339ED4}.Debug|ARM.Build.0 = Debug|Any CPU
		{A1305D2E-369B-444D-9714-0D63AB339ED4}.Debug|ARM.Deploy.0 = Debug|Any CPU
		{A1305D2E-369B-444D-9714-0D63AB339ED4}.Debug|iPhone.ActiveCfg = Debug|Any CPU
		{A1305D2E-369B-444D-9714-0D63AB339ED4}.Debug|iPhone.Build.0 = Debug|Any CPU
		{A1305D2E-369B-444D-9714-0D63AB339ED4}.Debug|iPhone.Deploy.0 = Debug|Any CPU
		{A1305D2E-369B-444D-9714-0D63AB339ED4}.Debug|iPhoneSimulator.ActiveCfg = Debug|Any CPU
		{A1305D2E-369B-444D-9714-0D63AB339ED4}.Debug|iPhoneSimulator.Build.0 = Debug|Any CPU
		{A1305D2E-369B-444D-9714-0D63AB339ED4}.Debug|iPhoneSimulator.Deploy.0 = Debug|Any CPU
		{A1305D2E-369B-444D-9714-0D63AB339ED4}.Debug|x86.ActiveCfg = Debug|Any CPU
		{A1305D2E-369B-444D-9714-0D63AB339ED4}.Debug|x86.Build.0 = Debug|Any CPU
		{A1305D2E-369B-444D-9714-0D63AB339ED4}.Debug|x86.Deploy.0 = Debug|Any CPU
		{A1305D2E-369B-444D-9714-0D63AB339ED4}.Release|Any CPU.ActiveCfg = Release|Any CPU
		{A1305D2E-369B-444D-9714-0D63AB339ED4}.Release|Any CPU.Build.0 = Release|Any CPU
		{A1305D2E-369B-444D-9714-0D63AB339ED4}.Release|Any CPU.Deploy.0 = Release|Any CPU
		{A1305D2E-369B-444D-9714-0D63AB339ED4}.Release|ARM.ActiveCfg = Release|Any CPU
		{A1305D2E-369B-444D-9714-0D63AB339ED4}.Release|ARM.Build.0 = Release|Any CPU
		{A1305D2E-369B-444D-9714-0D63AB339ED4}.Release|ARM.Deploy.0 = Release|Any CPU
		{A1305D2E-369B-444D-9714-0D63AB339ED4}.Release|iPhone.ActiveCfg = Release|Any CPU
		{A1305D2E-369B-444D-9714-0D63AB339ED4}.Release|iPhone.Build.0 = Release|Any CPU
		{A1305D2E-369B-444D-9714-0D63AB339ED4}.Release|iPhone.Deploy.0 = Release|Any CPU
		{A1305D2E-369B-444D-9714-0D63AB339ED4}.Release|iPhoneSimulator.ActiveCfg = Release|Any CPU
		{A1305D2E-369B-444D-9714-0D63AB339ED4}.Release|iPhoneSimulator.Build.0 = Release|Any CPU
		{A1305D2E-369B-444D-9714-0D63AB339ED4}.Release|iPhoneSimulator.Deploy.0 = Release|Any CPU
		{A1305D2E-369B-444D-9714-0D63AB339ED4}.Release|x86.ActiveCfg = Release|Any CPU
		{A1305D2E-369B-444D-9714-0D63AB339ED4}.Release|x86.Build.0 = Release|Any CPU
		{A1305D2E-369B-444D-9714-0D63AB339ED4}.Release|x86.Deploy.0 = Release|Any CPU
		{BA82F1C5-693C-40D1-8452-AC310CD49FCA}.Ad-Hoc|Any CPU.ActiveCfg = Ad-Hoc|iPhone
		{BA82F1C5-693C-40D1-8452-AC310CD49FCA}.Ad-Hoc|ARM.ActiveCfg = Ad-Hoc|iPhone
		{BA82F1C5-693C-40D1-8452-AC310CD49FCA}.Ad-Hoc|iPhone.ActiveCfg = Ad-Hoc|iPhone
		{BA82F1C5-693C-40D1-8452-AC310CD49FCA}.Ad-Hoc|iPhone.Build.0 = Ad-Hoc|iPhone
		{BA82F1C5-693C-40D1-8452-AC310CD49FCA}.Ad-Hoc|iPhoneSimulator.ActiveCfg = Ad-Hoc|iPhoneSimulator
		{BA82F1C5-693C-40D1-8452-AC310CD49FCA}.Ad-Hoc|iPhoneSimulator.Build.0 = Ad-Hoc|iPhoneSimulator
		{BA82F1C5-693C-40D1-8452-AC310CD49FCA}.Ad-Hoc|x86.ActiveCfg = Ad-Hoc|iPhone
		{BA82F1C5-693C-40D1-8452-AC310CD49FCA}.AppStore|Any CPU.ActiveCfg = AppStore|iPhone
		{BA82F1C5-693C-40D1-8452-AC310CD49FCA}.AppStore|ARM.ActiveCfg = AppStore|iPhone
		{BA82F1C5-693C-40D1-8452-AC310CD49FCA}.AppStore|iPhone.ActiveCfg = AppStore|iPhone
		{BA82F1C5-693C-40D1-8452-AC310CD49FCA}.AppStore|iPhone.Build.0 = AppStore|iPhone
		{BA82F1C5-693C-40D1-8452-AC310CD49FCA}.AppStore|iPhoneSimulator.ActiveCfg = AppStore|iPhoneSimulator
		{BA82F1C5-693C-40D1-8452-AC310CD49FCA}.AppStore|iPhoneSimulator.Build.0 = AppStore|iPhoneSimulator
		{BA82F1C5-693C-40D1-8452-AC310CD49FCA}.AppStore|x86.ActiveCfg = AppStore|iPhone
		{BA82F1C5-693C-40D1-8452-AC310CD49FCA}.Debug|Any CPU.ActiveCfg = Debug|iPhone
		{BA82F1C5-693C-40D1-8452-AC310CD49FCA}.Debug|ARM.ActiveCfg = Debug|iPhone
		{BA82F1C5-693C-40D1-8452-AC310CD49FCA}.Debug|iPhone.ActiveCfg = Debug|iPhone
		{BA82F1C5-693C-40D1-8452-AC310CD49FCA}.Debug|iPhone.Build.0 = Debug|iPhone
		{BA82F1C5-693C-40D1-8452-AC310CD49FCA}.Debug|iPhoneSimulator.ActiveCfg = Debug|iPhoneSimulator
		{BA82F1C5-693C-40D1-8452-AC310CD49FCA}.Debug|iPhoneSimulator.Build.0 = Debug|iPhoneSimulator
		{BA82F1C5-693C-40D1-8452-AC310CD49FCA}.Debug|x86.ActiveCfg = Debug|iPhone
		{BA82F1C5-693C-40D1-8452-AC310CD49FCA}.Release|Any CPU.ActiveCfg = Release|iPhone
		{BA82F1C5-693C-40D1-8452-AC310CD49FCA}.Release|ARM.ActiveCfg = Release|iPhone
		{BA82F1C5-693C-40D1-8452-AC310CD49FCA}.Release|iPhone.ActiveCfg = Release|iPhone
		{BA82F1C5-693C-40D1-8452-AC310CD49FCA}.Release|iPhone.Build.0 = Release|iPhone
		{BA82F1C5-693C-40D1-8452-AC310CD49FCA}.Release|iPhoneSimulator.ActiveCfg = Release|iPhoneSimulator
		{BA82F1C5-693C-40D1-8452-AC310CD49FCA}.Release|iPhoneSimulator.Build.0 = Release|iPhoneSimulator
		{BA82F1C5-693C-40D1-8452-AC310CD49FCA}.Release|x86.ActiveCfg = Release|iPhone
		{195D89CE-07EF-4C8F-BEDF-C103F360DAC4}.Ad-Hoc|Any CPU.ActiveCfg = Release|Any CPU
		{195D89CE-07EF-4C8F-BEDF-C103F360DAC4}.Ad-Hoc|Any CPU.Build.0 = Release|Any CPU
		{195D89CE-07EF-4C8F-BEDF-C103F360DAC4}.Ad-Hoc|Any CPU.Deploy.0 = Release|Any CPU
		{195D89CE-07EF-4C8F-BEDF-C103F360DAC4}.Ad-Hoc|ARM.ActiveCfg = Release|ARM
		{195D89CE-07EF-4C8F-BEDF-C103F360DAC4}.Ad-Hoc|ARM.Build.0 = Release|ARM
		{195D89CE-07EF-4C8F-BEDF-C103F360DAC4}.Ad-Hoc|ARM.Deploy.0 = Release|ARM
		{195D89CE-07EF-4C8F-BEDF-C103F360DAC4}.Ad-Hoc|iPhone.ActiveCfg = Release|Any CPU
		{195D89CE-07EF-4C8F-BEDF-C103F360DAC4}.Ad-Hoc|iPhone.Build.0 = Release|Any CPU
		{195D89CE-07EF-4C8F-BEDF-C103F360DAC4}.Ad-Hoc|iPhone.Deploy.0 = Release|Any CPU
		{195D89CE-07EF-4C8F-BEDF-C103F360DAC4}.Ad-Hoc|iPhoneSimulator.ActiveCfg = Release|Any CPU
		{195D89CE-07EF-4C8F-BEDF-C103F360DAC4}.Ad-Hoc|iPhoneSimulator.Build.0 = Release|Any CPU
		{195D89CE-07EF-4C8F-BEDF-C103F360DAC4}.Ad-Hoc|iPhoneSimulator.Deploy.0 = Release|Any CPU
		{195D89CE-07EF-4C8F-BEDF-C103F360DAC4}.Ad-Hoc|x86.ActiveCfg = Release|x86
		{195D89CE-07EF-4C8F-BEDF-C103F360DAC4}.Ad-Hoc|x86.Build.0 = Release|x86
		{195D89CE-07EF-4C8F-BEDF-C103F360DAC4}.Ad-Hoc|x86.Deploy.0 = Release|x86
		{195D89CE-07EF-4C8F-BEDF-C103F360DAC4}.AppStore|Any CPU.ActiveCfg = Release|Any CPU
		{195D89CE-07EF-4C8F-BEDF-C103F360DAC4}.AppStore|Any CPU.Build.0 = Release|Any CPU
		{195D89CE-07EF-4C8F-BEDF-C103F360DAC4}.AppStore|Any CPU.Deploy.0 = Release|Any CPU
		{195D89CE-07EF-4C8F-BEDF-C103F360DAC4}.AppStore|ARM.ActiveCfg = Release|ARM
		{195D89CE-07EF-4C8F-BEDF-C103F360DAC4}.AppStore|ARM.Build.0 = Release|ARM
		{195D89CE-07EF-4C8F-BEDF-C103F360DAC4}.AppStore|ARM.Deploy.0 = Release|ARM
		{195D89CE-07EF-4C8F-BEDF-C103F360DAC4}.AppStore|iPhone.ActiveCfg = Release|Any CPU
		{195D89CE-07EF-4C8F-BEDF-C103F360DAC4}.AppStore|iPhone.Build.0 = Release|Any CPU
		{195D89CE-07EF-4C8F-BEDF-C103F360DAC4}.AppStore|iPhone.Deploy.0 = Release|Any CPU
		{195D89CE-07EF-4C8F-BEDF-C103F360DAC4}.AppStore|iPhoneSimulator.ActiveCfg = Release|Any CPU
		{195D89CE-07EF-4C8F-BEDF-C103F360DAC4}.AppStore|iPhoneSimulator.Build.0 = Release|Any CPU
		{195D89CE-07EF-4C8F-BEDF-C103F360DAC4}.AppStore|iPhoneSimulator.Deploy.0 = Release|Any CPU
		{195D89CE-07EF-4C8F-BEDF-C103F360DAC4}.AppStore|x86.ActiveCfg = Release|x86
		{195D89CE-07EF-4C8F-BEDF-C103F360DAC4}.AppStore|x86.Build.0 = Release|x86
		{195D89CE-07EF-4C8F-BEDF-C103F360DAC4}.AppStore|x86.Deploy.0 = Release|x86
		{195D89CE-07EF-4C8F-BEDF-C103F360DAC4}.Debug|Any CPU.ActiveCfg = Debug|Any CPU
		{195D89CE-07EF-4C8F-BEDF-C103F360DAC4}.Debug|Any CPU.Build.0 = Debug|Any CPU
		{195D89CE-07EF-4C8F-BEDF-C103F360DAC4}.Debug|Any CPU.Deploy.0 = Debug|Any CPU
		{195D89CE-07EF-4C8F-BEDF-C103F360DAC4}.Debug|ARM.ActiveCfg = Debug|ARM
		{195D89CE-07EF-4C8F-BEDF-C103F360DAC4}.Debug|ARM.Build.0 = Debug|ARM
		{195D89CE-07EF-4C8F-BEDF-C103F360DAC4}.Debug|ARM.Deploy.0 = Debug|ARM
		{195D89CE-07EF-4C8F-BEDF-C103F360DAC4}.Debug|iPhone.ActiveCfg = Debug|Any CPU
		{195D89CE-07EF-4C8F-BEDF-C103F360DAC4}.Debug|iPhone.Build.0 = Debug|Any CPU
		{195D89CE-07EF-4C8F-BEDF-C103F360DAC4}.Debug|iPhone.Deploy.0 = Debug|Any CPU
		{195D89CE-07EF-4C8F-BEDF-C103F360DAC4}.Debug|iPhoneSimulator.ActiveCfg = Debug|Any CPU
		{195D89CE-07EF-4C8F-BEDF-C103F360DAC4}.Debug|iPhoneSimulator.Build.0 = Debug|Any CPU
		{195D89CE-07EF-4C8F-BEDF-C103F360DAC4}.Debug|iPhoneSimulator.Deploy.0 = Debug|Any CPU
		{195D89CE-07EF-4C8F-BEDF-C103F360DAC4}.Debug|x86.ActiveCfg = Debug|x86
		{195D89CE-07EF-4C8F-BEDF-C103F360DAC4}.Debug|x86.Build.0 = Debug|x86
		{195D89CE-07EF-4C8F-BEDF-C103F360DAC4}.Debug|x86.Deploy.0 = Debug|x86
		{195D89CE-07EF-4C8F-BEDF-C103F360DAC4}.Release|Any CPU.ActiveCfg = Release|Any CPU
		{195D89CE-07EF-4C8F-BEDF-C103F360DAC4}.Release|Any CPU.Build.0 = Release|Any CPU
		{195D89CE-07EF-4C8F-BEDF-C103F360DAC4}.Release|Any CPU.Deploy.0 = Release|Any CPU
		{195D89CE-07EF-4C8F-BEDF-C103F360DAC4}.Release|ARM.ActiveCfg = Release|ARM
		{195D89CE-07EF-4C8F-BEDF-C103F360DAC4}.Release|ARM.Build.0 = Release|ARM
		{195D89CE-07EF-4C8F-BEDF-C103F360DAC4}.Release|ARM.Deploy.0 = Release|ARM
		{195D89CE-07EF-4C8F-BEDF-C103F360DAC4}.Release|iPhone.ActiveCfg = Release|Any CPU
		{195D89CE-07EF-4C8F-BEDF-C103F360DAC4}.Release|iPhone.Build.0 = Release|Any CPU
		{195D89CE-07EF-4C8F-BEDF-C103F360DAC4}.Release|iPhone.Deploy.0 = Release|Any CPU
		{195D89CE-07EF-4C8F-BEDF-C103F360DAC4}.Release|iPhoneSimulator.ActiveCfg = Release|Any CPU
		{195D89CE-07EF-4C8F-BEDF-C103F360DAC4}.Release|iPhoneSimulator.Build.0 = Release|Any CPU
		{195D89CE-07EF-4C8F-BEDF-C103F360DAC4}.Release|iPhoneSimulator.Deploy.0 = Release|Any CPU
		{195D89CE-07EF-4C8F-BEDF-C103F360DAC4}.Release|x86.ActiveCfg = Release|x86
		{195D89CE-07EF-4C8F-BEDF-C103F360DAC4}.Release|x86.Build.0 = Release|x86
		{195D89CE-07EF-4C8F-BEDF-C103F360DAC4}.Release|x86.Deploy.0 = Release|x86
		{2278A37E-DFF3-4CF4-BCFE-BA85440014C8}.Ad-Hoc|Any CPU.ActiveCfg = Release|Any CPU
		{2278A37E-DFF3-4CF4-BCFE-BA85440014C8}.Ad-Hoc|Any CPU.Build.0 = Release|Any CPU
		{2278A37E-DFF3-4CF4-BCFE-BA85440014C8}.Ad-Hoc|ARM.ActiveCfg = Release|Any CPU
		{2278A37E-DFF3-4CF4-BCFE-BA85440014C8}.Ad-Hoc|ARM.Build.0 = Release|Any CPU
		{2278A37E-DFF3-4CF4-BCFE-BA85440014C8}.Ad-Hoc|iPhone.ActiveCfg = Release|Any CPU
		{2278A37E-DFF3-4CF4-BCFE-BA85440014C8}.Ad-Hoc|iPhone.Build.0 = Release|Any CPU
		{2278A37E-DFF3-4CF4-BCFE-BA85440014C8}.Ad-Hoc|iPhoneSimulator.ActiveCfg = Release|Any CPU
		{2278A37E-DFF3-4CF4-BCFE-BA85440014C8}.Ad-Hoc|iPhoneSimulator.Build.0 = Release|Any CPU
		{2278A37E-DFF3-4CF4-BCFE-BA85440014C8}.Ad-Hoc|x86.ActiveCfg = Release|Any CPU
		{2278A37E-DFF3-4CF4-BCFE-BA85440014C8}.Ad-Hoc|x86.Build.0 = Release|Any CPU
		{2278A37E-DFF3-4CF4-BCFE-BA85440014C8}.AppStore|Any CPU.ActiveCfg = Release|Any CPU
		{2278A37E-DFF3-4CF4-BCFE-BA85440014C8}.AppStore|Any CPU.Build.0 = Release|Any CPU
		{2278A37E-DFF3-4CF4-BCFE-BA85440014C8}.AppStore|ARM.ActiveCfg = Release|Any CPU
		{2278A37E-DFF3-4CF4-BCFE-BA85440014C8}.AppStore|ARM.Build.0 = Release|Any CPU
		{2278A37E-DFF3-4CF4-BCFE-BA85440014C8}.AppStore|iPhone.ActiveCfg = Release|Any CPU
		{2278A37E-DFF3-4CF4-BCFE-BA85440014C8}.AppStore|iPhone.Build.0 = Release|Any CPU
		{2278A37E-DFF3-4CF4-BCFE-BA85440014C8}.AppStore|iPhoneSimulator.ActiveCfg = Release|Any CPU
		{2278A37E-DFF3-4CF4-BCFE-BA85440014C8}.AppStore|iPhoneSimulator.Build.0 = Release|Any CPU
		{2278A37E-DFF3-4CF4-BCFE-BA85440014C8}.AppStore|x86.ActiveCfg = Release|Any CPU
		{2278A37E-DFF3-4CF4-BCFE-BA85440014C8}.AppStore|x86.Build.0 = Release|Any CPU
		{2278A37E-DFF3-4CF4-BCFE-BA85440014C8}.Debug|Any CPU.ActiveCfg = Debug|Any CPU
		{2278A37E-DFF3-4CF4-BCFE-BA85440014C8}.Debug|Any CPU.Build.0 = Debug|Any CPU
		{2278A37E-DFF3-4CF4-BCFE-BA85440014C8}.Debug|ARM.ActiveCfg = Debug|Any CPU
		{2278A37E-DFF3-4CF4-BCFE-BA85440014C8}.Debug|ARM.Build.0 = Debug|Any CPU
		{2278A37E-DFF3-4CF4-BCFE-BA85440014C8}.Debug|iPhone.ActiveCfg = Debug|Any CPU
		{2278A37E-DFF3-4CF4-BCFE-BA85440014C8}.Debug|iPhone.Build.0 = Debug|Any CPU
		{2278A37E-DFF3-4CF4-BCFE-BA85440014C8}.Debug|iPhoneSimulator.ActiveCfg = Debug|Any CPU
		{2278A37E-DFF3-4CF4-BCFE-BA85440014C8}.Debug|iPhoneSimulator.Build.0 = Debug|Any CPU
		{2278A37E-DFF3-4CF4-BCFE-BA85440014C8}.Debug|x86.ActiveCfg = Debug|Any CPU
		{2278A37E-DFF3-4CF4-BCFE-BA85440014C8}.Debug|x86.Build.0 = Debug|Any CPU
		{2278A37E-DFF3-4CF4-BCFE-BA85440014C8}.Release|Any CPU.ActiveCfg = Release|Any CPU
		{2278A37E-DFF3-4CF4-BCFE-BA85440014C8}.Release|Any CPU.Build.0 = Release|Any CPU
		{2278A37E-DFF3-4CF4-BCFE-BA85440014C8}.Release|ARM.ActiveCfg = Release|Any CPU
		{2278A37E-DFF3-4CF4-BCFE-BA85440014C8}.Release|ARM.Build.0 = Release|Any CPU
		{2278A37E-DFF3-4CF4-BCFE-BA85440014C8}.Release|iPhone.ActiveCfg = Release|Any CPU
		{2278A37E-DFF3-4CF4-BCFE-BA85440014C8}.Release|iPhone.Build.0 = Release|Any CPU
		{2278A37E-DFF3-4CF4-BCFE-BA85440014C8}.Release|iPhoneSimulator.ActiveCfg = Release|Any CPU
		{2278A37E-DFF3-4CF4-BCFE-BA85440014C8}.Release|iPhoneSimulator.Build.0 = Release|Any CPU
		{2278A37E-DFF3-4CF4-BCFE-BA85440014C8}.Release|x86.ActiveCfg = Release|Any CPU
		{2278A37E-DFF3-4CF4-BCFE-BA85440014C8}.Release|x86.Build.0 = Release|Any CPU
	EndGlobalSection
	GlobalSection(SolutionProperties) = preSolution
		HideSolutionNode = FALSE
	EndGlobalSection
EndGlobal
